
Microsoft Visual Studio Solution File, Format Version 12.00
# Visual Studio 2012
Project("{E24C65DC-7377-472B-9ABA-BC803B73C61A}") = "Examen", "http://localhost:29423", "{35FAD6FD-4145-45C6-9EFD-96EEE7A04C76}"
	ProjectSection(WebsiteProperties) = preProject
		UseIISExpress = "true"
		TargetFrameworkMoniker = ".NETFramework,Version%3Dv4.5"
		Debug.AspNetCompiler.VirtualPath = "/localhost_29423"
		Debug.AspNetCompiler.PhysicalPath = "..\..\WebSites\Examen\"
		Debug.AspNetCompiler.TargetPath = "PrecompiledWeb\localhost_29423\"
		Debug.AspNetCompiler.Updateable = "true"
		Debug.AspNetCompiler.ForceOverwrite = "true"
		Debug.AspNetCompiler.FixedNames = "false"
		Debug.AspNetCompiler.Debug = "True"
		Release.AspNetCompiler.VirtualPath = "/localhost_29423"
		Release.AspNetCompiler.PhysicalPath = "..\..\WebSites\Examen\"
		Release.AspNetCompiler.TargetPath = "PrecompiledWeb\localhost_29423\"
		Release.AspNetCompiler.Updateable = "true"
		Release.AspNetCompiler.ForceOverwrite = "true"
		Release.AspNetCompiler.FixedNames = "false"
		Release.AspNetCompiler.Debug = "False"
		SlnRelativePath = "..\..\WebSites\Examen\"
		DefaultWebSiteLanguage = "Visual C#"
	EndProjectSection
EndProject
Global
	GlobalSection(SolutionConfigurationPlatforms) = preSolution
		Debug|Any CPU = Debug|Any CPU
	EndGlobalSection
	GlobalSection(ProjectConfigurationPlatforms) = postSolution
		{35FAD6FD-4145-45C6-9EFD-96EEE7A04C76}.Debug|Any CPU.ActiveCfg = Debug|Any CPU
		{35FAD6FD-4145-45C6-9EFD-96EEE7A04C76}.Debug|Any CPU.Build.0 = Debug|Any CPU
	EndGlobalSection
	GlobalSection(SolutionProperties) = preSolution
		HideSolutionNode = FALSE
	EndGlobalSection
EndGlobal
